
Microsoft Visual Studio Solution File, Format Version 12.00
# Visual Studio Version 17
VisualStudioVersion = 17.4.33205.214
MinimumVisualStudioVersion = 10.0.40219.1
Project("{FAE04EC0-301F-11D3-BF4B-00C04F79EFBC}") = "Projekt1", "Projekt1\Projekt1.csproj", "{BA20CF2D-1E81-4FFF-8C78-D68365F25816}"
EndProject
Global
	GlobalSection(SolutionConfigurationPlatforms) = preSolution
		Debug|Any CPU = Debug|Any CPU
		Release|Any CPU = Release|Any CPU
	EndGlobalSection
	GlobalSection(ProjectConfigurationPlatforms) = postSolution
		{BA20CF2D-1E81-4FFF-8C78-D68365F25816}.Debug|Any CPU.ActiveCfg = Debug|Any CPU
		{BA20CF2D-1E81-4FFF-8C78-D68365F25816}.Debug|Any CPU.Build.0 = Debug|Any CPU
		{BA20CF2D-1E81-4FFF-8C78-D68365F25816}.Release|Any CPU.ActiveCfg = Release|Any CPU
		{BA20CF2D-1E81-4FFF-8C78-D68365F25816}.Release|Any CPU.Build.0 = Release|Any CPU
	EndGlobalSection
	GlobalSection(SolutionProperties) = preSolution
		HideSolutionNode = FALSE
	EndGlobalSection
	GlobalSection(ExtensibilityGlobals) = postSolution
		SolutionGuid = {DFEC72B8-C4DF-46AB-8A15-D21CBD808EC0}
	EndGlobalSection
EndGlobal
